
Microsoft Visual Studio Solution File, Format Version 12.00
Project("{FAE04EC0-301F-11D3-BF4B-00C04F79EFBC}") = "Domain", "Domain\Domain.csproj", "{84E7DE66-1D82-4D7C-AFB8-1B68F8EA9648}"
EndProject
Project("{FAE04EC0-301F-11D3-BF4B-00C04F79EFBC}") = "DAL", "DAL\DAL.csproj", "{9C36C713-2D3D-4A2C-A69B-5E021D418F17}"
EndProject
Project("{FAE04EC0-301F-11D3-BF4B-00C04F79EFBC}") = "Web", "Web\Web.csproj", "{47AC0534-C7E0-40C5-8F66-4CA1BCA0BA18}"
EndProject
Project("{FAE04EC0-301F-11D3-BF4B-00C04F79EFBC}") = "Infrastructure", "Infrastructure\Infrastructure.csproj", "{2C35B95A-D592-4879-BF84-E2860BBF0ECD}"
EndProject
Project("{2150E333-8FDC-42A3-9474-1A3956D46DE8}") = "src", "src", "{86434664-AE0A-4614-B414-76D0B7AB197F}"
EndProject
Project("{2150E333-8FDC-42A3-9474-1A3956D46DE8}") = "tests", "tests", "{6F01699B-562D-4156-9C19-6D13FCDE62C1}"
EndProject
Project("{FAE04EC0-301F-11D3-BF4B-00C04F79EFBC}") = "DomainTests", "DomainTests\DomainTests.csproj", "{0C68D15D-6CF9-44AD-8D84-699E859D0092}"
EndProject
Global
	GlobalSection(SolutionConfigurationPlatforms) = preSolution
		Debug|Any CPU = Debug|Any CPU
		Release|Any CPU = Release|Any CPU
	EndGlobalSection
	GlobalSection(ProjectConfigurationPlatforms) = postSolution
		{84E7DE66-1D82-4D7C-AFB8-1B68F8EA9648}.Debug|Any CPU.ActiveCfg = Debug|Any CPU
		{84E7DE66-1D82-4D7C-AFB8-1B68F8EA9648}.Debug|Any CPU.Build.0 = Debug|Any CPU
		{84E7DE66-1D82-4D7C-AFB8-1B68F8EA9648}.Release|Any CPU.ActiveCfg = Release|Any CPU
		{84E7DE66-1D82-4D7C-AFB8-1B68F8EA9648}.Release|Any CPU.Build.0 = Release|Any CPU
		{9C36C713-2D3D-4A2C-A69B-5E021D418F17}.Debug|Any CPU.ActiveCfg = Debug|Any CPU
		{9C36C713-2D3D-4A2C-A69B-5E021D418F17}.Debug|Any CPU.Build.0 = Debug|Any CPU
		{9C36C713-2D3D-4A2C-A69B-5E021D418F17}.Release|Any CPU.ActiveCfg = Release|Any CPU
		{9C36C713-2D3D-4A2C-A69B-5E021D418F17}.Release|Any CPU.Build.0 = Release|Any CPU
		{47AC0534-C7E0-40C5-8F66-4CA1BCA0BA18}.Debug|Any CPU.ActiveCfg = Debug|Any CPU
		{47AC0534-C7E0-40C5-8F66-4CA1BCA0BA18}.Debug|Any CPU.Build.0 = Debug|Any CPU
		{47AC0534-C7E0-40C5-8F66-4CA1BCA0BA18}.Release|Any CPU.ActiveCfg = Release|Any CPU
		{47AC0534-C7E0-40C5-8F66-4CA1BCA0BA18}.Release|Any CPU.Build.0 = Release|Any CPU
		{2C35B95A-D592-4879-BF84-E2860BBF0ECD}.Debug|Any CPU.ActiveCfg = Debug|Any CPU
		{2C35B95A-D592-4879-BF84-E2860BBF0ECD}.Debug|Any CPU.Build.0 = Debug|Any CPU
		{2C35B95A-D592-4879-BF84-E2860BBF0ECD}.Release|Any CPU.ActiveCfg = Release|Any CPU
		{2C35B95A-D592-4879-BF84-E2860BBF0ECD}.Release|Any CPU.Build.0 = Release|Any CPU
		{0C68D15D-6CF9-44AD-8D84-699E859D0092}.Debug|Any CPU.ActiveCfg = Debug|Any CPU
		{0C68D15D-6CF9-44AD-8D84-699E859D0092}.Debug|Any CPU.Build.0 = Debug|Any CPU
		{0C68D15D-6CF9-44AD-8D84-699E859D0092}.Release|Any CPU.ActiveCfg = Release|Any CPU
		{0C68D15D-6CF9-44AD-8D84-699E859D0092}.Release|Any CPU.Build.0 = Release|Any CPU
	EndGlobalSection
	GlobalSection(NestedProjects) = preSolution
		{9C36C713-2D3D-4A2C-A69B-5E021D418F17} = {86434664-AE0A-4614-B414-76D0B7AB197F}
		{84E7DE66-1D82-4D7C-AFB8-1B68F8EA9648} = {86434664-AE0A-4614-B414-76D0B7AB197F}
		{2C35B95A-D592-4879-BF84-E2860BBF0ECD} = {86434664-AE0A-4614-B414-76D0B7AB197F}
		{47AC0534-C7E0-40C5-8F66-4CA1BCA0BA18} = {86434664-AE0A-4614-B414-76D0B7AB197F}
		{0C68D15D-6CF9-44AD-8D84-699E859D0092} = {6F01699B-562D-4156-9C19-6D13FCDE62C1}
	EndGlobalSection
EndGlobal
